
Microsoft Visual Studio Solution File, Format Version 12.00
# Visual Studio Version 16
VisualStudioVersion = 16.0.30709.132
MinimumVisualStudioVersion = 10.0.40219.1
Project("{9A19103F-16F7-4668-BE54-9A1E7A4F7556}") = "RustyDragon", "RustyDragon\RustyDragon.csproj", "{544E5127-73F1-4924-B79B-D51672F9DD85}"
EndProject
Project("{2150E333-8FDC-42A3-9474-1A3956D46DE8}") = "Tests", "Tests", "{F500A5C0-645A-41C8-9681-9447AFB92AA5}"
EndProject
Project("{FAE04EC0-301F-11D3-BF4B-00C04F79EFBC}") = "RustyDragonTest", "RustyDragonTest\RustyDragonTest.csproj", "{4F3F01D1-6D03-4FE9-8B3E-6A1A865C5B6F}"
EndProject
Global
	GlobalSection(SolutionConfigurationPlatforms) = preSolution
		Debug|Any CPU = Debug|Any CPU
		Release|Any CPU = Release|Any CPU
	EndGlobalSection
	GlobalSection(ProjectConfigurationPlatforms) = postSolution
		{544E5127-73F1-4924-B79B-D51672F9DD85}.Debug|Any CPU.ActiveCfg = Debug|Any CPU
		{544E5127-73F1-4924-B79B-D51672F9DD85}.Debug|Any CPU.Build.0 = Debug|Any CPU
		{544E5127-73F1-4924-B79B-D51672F9DD85}.Release|Any CPU.ActiveCfg = Release|Any CPU
		{544E5127-73F1-4924-B79B-D51672F9DD85}.Release|Any CPU.Build.0 = Release|Any CPU
		{4F3F01D1-6D03-4FE9-8B3E-6A1A865C5B6F}.Debug|Any CPU.ActiveCfg = Debug|Any CPU
		{4F3F01D1-6D03-4FE9-8B3E-6A1A865C5B6F}.Debug|Any CPU.Build.0 = Debug|Any CPU
		{4F3F01D1-6D03-4FE9-8B3E-6A1A865C5B6F}.Release|Any CPU.ActiveCfg = Release|Any CPU
		{4F3F01D1-6D03-4FE9-8B3E-6A1A865C5B6F}.Release|Any CPU.Build.0 = Release|Any CPU
	EndGlobalSection
	GlobalSection(SolutionProperties) = preSolution
		HideSolutionNode = FALSE
	EndGlobalSection
	GlobalSection(NestedProjects) = preSolution
		{4F3F01D1-6D03-4FE9-8B3E-6A1A865C5B6F} = {F500A5C0-645A-41C8-9681-9447AFB92AA5}
	EndGlobalSection
	GlobalSection(ExtensibilityGlobals) = postSolution
		SolutionGuid = {C5AFD4E8-1C50-46AB-BB37-48ABE3F336E4}
	EndGlobalSection
EndGlobal
